{
  "version": 4,
  "terraform_version": "1.7.0",
  "serial": 18,
  "lineage": "a1b2c3d4-static-site",
  "resources": [
    {
      "mode": "managed",
      "type": "aws_s3_bucket",
      "name": "website",
      "provider": "provider[\"registry.terraform.io/hashicorp/aws\"]",
      "instances": [{ "schema_version": 0, "attributes": { "id": "mysite-prod-bucket", "bucket": "mysite-prod-bucket", "tags": { "Name": "website-bucket", "Project": "static-site" } }, "dependencies": [] }]
    },
    {
      "mode": "managed",
      "type": "aws_cloudfront_distribution",
      "name": "cdn",
      "provider": "provider[\"registry.terraform.io/hashicorp/aws\"]",
      "instances": [{ "schema_version": 0, "attributes": { "id": "E1CDN2EXAMPLE", "domain_name": "d111111abcdef8.cloudfront.net", "enabled": true, "default_root_object": "index.html", "tags": { "Name": "website-cdn", "Project": "static-site" } }, "dependencies": ["aws_s3_bucket.website"] }]
    },
    {
      "mode": "managed",
      "type": "aws_acm_certificate",
      "name": "cert",
      "provider": "provider[\"registry.terraform.io/hashicorp/aws\"]",
      "instances": [{ "schema_version": 0, "attributes": { "id": "arn:aws:acm:us-east-1:123456789012:certificate/abc-123", "domain_name": "www.example.com", "status": "ISSUED", "tags": { "Name": "website-cert" } }, "dependencies": [] }]
    },
    {
      "mode": "managed",
      "type": "aws_route53_zone",
      "name": "main",
      "provider": "provider[\"registry.terraform.io/hashicorp/aws\"]",
      "instances": [{ "schema_version": 0, "attributes": { "id": "Z0123456789EXAMPLE", "name": "example.com", "tags": { "Name": "main-zone" } }, "dependencies": [] }]
    },
    {
      "mode": "managed",
      "type": "aws_route53_record",
      "name": "www",
      "provider": "provider[\"registry.terraform.io/hashicorp/aws\"]",
      "instances": [{ "schema_version": 0, "attributes": { "id": "Z0123456789_www.example.com_A", "name": "www.example.com", "type": "A", "zone_id": "Z0123456789EXAMPLE", "tags": {} }, "dependencies": ["aws_route53_zone.main", "aws_cloudfront_distribution.cdn"] }]
    },
    {
      "mode": "managed",
      "type": "aws_wafv2_web_acl",
      "name": "firewall",
      "provider": "provider[\"registry.terraform.io/hashicorp/aws\"]",
      "instances": [{ "schema_version": 0, "attributes": { "id": "waf-acl-001", "name": "website-waf", "scope": "CLOUDFRONT", "tags": { "Name": "website-waf" } }, "dependencies": [] }]
    }
  ]
}
